
Microsoft Visual Studio Solution File, Format Version 12.00
# Visual Studio Version 17
VisualStudioVersion = 17.0.31903.59
MinimumVisualStudioVersion = 10.0.40219.1
Project("{FAE04EC0-301F-11D3-BF4B-00C04F79EFBC}") = "MedicalLauncher", "MedicalLauncher\MedicalLauncher.csproj", "{032F45AB-75D6-4188-8B5F-E83E26E5E113}"
EndProject
Project("{F184B08F-C81C-45F6-A57F-5ABD9991F28F}") = "MedicalLauncherVB", "MedicalLauncherVB\MedicalLauncherVB.vbproj", "{2337257B-BE2D-4C16-AC39-4A316A3A00DD}"
EndProject
Global
	GlobalSection(SolutionConfigurationPlatforms) = preSolution
		Debug|Any CPU = Debug|Any CPU
		Debug|x64 = Debug|x64
		Debug|x86 = Debug|x86
		Release|Any CPU = Release|Any CPU
		Release|x64 = Release|x64
		Release|x86 = Release|x86
	EndGlobalSection
	GlobalSection(ProjectConfigurationPlatforms) = postSolution
		{032F45AB-75D6-4188-8B5F-E83E26E5E113}.Debug|Any CPU.ActiveCfg = Debug|Any CPU
		{032F45AB-75D6-4188-8B5F-E83E26E5E113}.Debug|Any CPU.Build.0 = Debug|Any CPU
		{032F45AB-75D6-4188-8B5F-E83E26E5E113}.Debug|x64.ActiveCfg = Debug|Any CPU
		{032F45AB-75D6-4188-8B5F-E83E26E5E113}.Debug|x64.Build.0 = Debug|Any CPU
		{032F45AB-75D6-4188-8B5F-E83E26E5E113}.Debug|x86.ActiveCfg = Debug|Any CPU
		{032F45AB-75D6-4188-8B5F-E83E26E5E113}.Debug|x86.Build.0 = Debug|Any CPU
		{032F45AB-75D6-4188-8B5F-E83E26E5E113}.Release|Any CPU.ActiveCfg = Release|Any CPU
		{032F45AB-75D6-4188-8B5F-E83E26E5E113}.Release|Any CPU.Build.0 = Release|Any CPU
		{032F45AB-75D6-4188-8B5F-E83E26E5E113}.Release|x64.ActiveCfg = Release|Any CPU
		{032F45AB-75D6-4188-8B5F-E83E26E5E113}.Release|x64.Build.0 = Release|Any CPU
		{032F45AB-75D6-4188-8B5F-E83E26E5E113}.Release|x86.ActiveCfg = Release|Any CPU
		{032F45AB-75D6-4188-8B5F-E83E26E5E113}.Release|x86.Build.0 = Release|Any CPU
		{2337257B-BE2D-4C16-AC39-4A316A3A00DD}.Debug|Any CPU.ActiveCfg = Debug|Any CPU
		{2337257B-BE2D-4C16-AC39-4A316A3A00DD}.Debug|Any CPU.Build.0 = Debug|Any CPU
		{2337257B-BE2D-4C16-AC39-4A316A3A00DD}.Debug|x64.ActiveCfg = Debug|Any CPU
		{2337257B-BE2D-4C16-AC39-4A316A3A00DD}.Debug|x64.Build.0 = Debug|Any CPU
		{2337257B-BE2D-4C16-AC39-4A316A3A00DD}.Debug|x86.ActiveCfg = Debug|Any CPU
		{2337257B-BE2D-4C16-AC39-4A316A3A00DD}.Debug|x86.Build.0 = Debug|Any CPU
		{2337257B-BE2D-4C16-AC39-4A316A3A00DD}.Release|Any CPU.ActiveCfg = Release|Any CPU
		{2337257B-BE2D-4C16-AC39-4A316A3A00DD}.Release|Any CPU.Build.0 = Release|Any CPU
		{2337257B-BE2D-4C16-AC39-4A316A3A00DD}.Release|x64.ActiveCfg = Release|Any CPU
		{2337257B-BE2D-4C16-AC39-4A316A3A00DD}.Release|x64.Build.0 = Release|Any CPU
		{2337257B-BE2D-4C16-AC39-4A316A3A00DD}.Release|x86.ActiveCfg = Release|Any CPU
		{2337257B-BE2D-4C16-AC39-4A316A3A00DD}.Release|x86.Build.0 = Release|Any CPU
	EndGlobalSection
	GlobalSection(SolutionProperties) = preSolution
		HideSolutionNode = FALSE
	EndGlobalSection
EndGlobal
